// !$*UTF8*$!
{
	archiveVersion = 1;
	classes = {
	};
	objectVersion = 50;
	objects = {

/* Begin PBXBuildFile section */
		623BDAC323764C2600FB20E4 /* NSLayoutConstraint+MASDebugAdditions.m in Sources */ = {isa = PBXBuildFile; fileRef = 623BDAAB23764C2600FB20E4 /* NSLayoutConstraint+MASDebugAdditions.m */; };
		623BDAC423764C2600FB20E4 /* ViewController+MASAdditions.m in Sources */ = {isa = PBXBuildFile; fileRef = 623BDAB423764C2600FB20E4 /* ViewController+MASAdditions.m */; };
		623BDAC523764C2600FB20E4 /* MASCompositeConstraint.m in Sources */ = {isa = PBXBuildFile; fileRef = 623BDAB823764C2600FB20E4 /* MASCompositeConstraint.m */; };
		623BDAC623764C2600FB20E4 /* MASConstraintMaker.m in Sources */ = {isa = PBXBuildFile; fileRef = 623BDAB923764C2600FB20E4 /* MASConstraintMaker.m */; };
		623BDAC723764C2600FB20E4 /* MASLayoutConstraint.m in Sources */ = {isa = PBXBuildFile; fileRef = 623BDABA23764C2600FB20E4 /* MASLayoutConstraint.m */; };
		623BDAC823764C2600FB20E4 /* NSArray+MASAdditions.m in Sources */ = {isa = PBXBuildFile; fileRef = 623BDABB23764C2600FB20E4 /* NSArray+MASAdditions.m */; };
		623BDAC923764C2600FB20E4 /* View+MASAdditions.m in Sources */ = {isa = PBXBuildFile; fileRef = 623BDABC23764C2600FB20E4 /* View+MASAdditions.m */; };
		623BDACA23764C2600FB20E4 /* MASConstraint.m in Sources */ = {isa = PBXBuildFile; fileRef = 623BDABF23764C2600FB20E4 /* MASConstraint.m */; };
		623BDACB23764C2600FB20E4 /* MASViewConstraint.m in Sources */ = {isa = PBXBuildFile; fileRef = 623BDAC123764C2600FB20E4 /* MASViewConstraint.m */; };
		623BDACC23764C2600FB20E4 /* MASViewAttribute.m in Sources */ = {isa = PBXBuildFile; fileRef = 623BDAC223764C2600FB20E4 /* MASViewAttribute.m */; };
		623BDAE223764C3500FB20E4 /* PlayerControlView.xib in Resources */ = {isa = PBXBuildFile; fileRef = 623BDACE23764C3500FB20E4 /* PlayerControlView.xib */; };
		623BDAE323764C3500FB20E4 /* PlayerCatalogView.xib in Resources */ = {isa = PBXBuildFile; fileRef = 623BDACF23764C3500FB20E4 /* PlayerCatalogView.xib */; };
		623BDAE423764C3500FB20E4 /* PlayerWaterMarkView.m in Sources */ = {isa = PBXBuildFile; fileRef = 623BDAD023764C3500FB20E4 /* PlayerWaterMarkView.m */; };
		623BDAE523764C3500FB20E4 /* PlayerSpeedControlView.m in Sources */ = {isa = PBXBuildFile; fileRef = 623BDAD123764C3500FB20E4 /* PlayerSpeedControlView.m */; };
		623BDAE623764C3500FB20E4 /* PlayerSpeedControlView.xib in Resources */ = {isa = PBXBuildFile; fileRef = 623BDAD223764C3500FB20E4 /* PlayerSpeedControlView.xib */; };
		623BDAE723764C3500FB20E4 /* PlayerCatalogView.m in Sources */ = {isa = PBXBuildFile; fileRef = 623BDAD323764C3500FB20E4 /* PlayerCatalogView.m */; };
		623BDAE823764C3500FB20E4 /* PlayerAsset.xcassets in Resources */ = {isa = PBXBuildFile; fileRef = 623BDAD623764C3500FB20E4 /* PlayerAsset.xcassets */; };
		623BDAE923764C3500FB20E4 /* PlayerTimerController.m in Sources */ = {isa = PBXBuildFile; fileRef = 623BDAD723764C3500FB20E4 /* PlayerTimerController.m */; };
		623BDAEA23764C3500FB20E4 /* EC_PlayerView.m in Sources */ = {isa = PBXBuildFile; fileRef = 623BDAD823764C3500FB20E4 /* EC_PlayerView.m */; };
		623BDAEB23764C3500FB20E4 /* PlayerPresentView.m in Sources */ = {isa = PBXBuildFile; fileRef = 623BDADC23764C3500FB20E4 /* PlayerPresentView.m */; };
		623BDAEC23764C3500FB20E4 /* NSTimer+TimerControl.m in Sources */ = {isa = PBXBuildFile; fileRef = 623BDADE23764C3500FB20E4 /* NSTimer+TimerControl.m */; };
		623BDAED23764C3500FB20E4 /* PlayerControlView.m in Sources */ = {isa = PBXBuildFile; fileRef = 623BDAE123764C3500FB20E4 /* PlayerControlView.m */; };
		62E365AB236DEF0A002D3830 /* AppDelegate.m in Sources */ = {isa = PBXBuildFile; fileRef = 62E365AA236DEF0A002D3830 /* AppDelegate.m */; };
		62E365AE236DEF0A002D3830 /* SceneDelegate.m in Sources */ = {isa = PBXBuildFile; fileRef = 62E365AD236DEF0A002D3830 /* SceneDelegate.m */; };
		62E365B1236DEF0A002D3830 /* ViewController.m in Sources */ = {isa = PBXBuildFile; fileRef = 62E365B0236DEF0A002D3830 /* ViewController.m */; };
		62E365B4236DEF0A002D3830 /* Main.storyboard in Resources */ = {isa = PBXBuildFile; fileRef = 62E365B2236DEF0A002D3830 /* Main.storyboard */; };
		62E365B6236DEF0C002D3830 /* Assets.xcassets in Resources */ = {isa = PBXBuildFile; fileRef = 62E365B5236DEF0C002D3830 /* Assets.xcassets */; };
		62E365B9236DEF0C002D3830 /* LaunchScreen.storyboard in Resources */ = {isa = PBXBuildFile; fileRef = 62E365B7236DEF0C002D3830 /* LaunchScreen.storyboard */; };
		62E365BC236DEF0C002D3830 /* main.m in Sources */ = {isa = PBXBuildFile; fileRef = 62E365BB236DEF0C002D3830 /* main.m */; };
		62E365C3236DEF18002D3830 /* ECAVKit in Resources */ = {isa = PBXBuildFile; fileRef = 62E365C2236DEF17002D3830 /* ECAVKit */; };
/* End PBXBuildFile section */

/* Begin PBXFileReference section */
		623BDAAA23764C2600FB20E4 /* MASCompositeConstraint.h */ = {isa = PBXFileReference; fileEncoding = 4; lastKnownFileType = sourcecode.c.h; path = MASCompositeConstraint.h; sourceTree = "<group>"; };
		623BDAAB23764C2600FB20E4 /* NSLayoutConstraint+MASDebugAdditions.m */ = {isa = PBXFileReference; fileEncoding = 4; lastKnownFileType = sourcecode.c.objc; path = "NSLayoutConstraint+MASDebugAdditions.m"; sourceTree = "<group>"; };
		623BDAAC23764C2600FB20E4 /* MASConstraint+Private.h */ = {isa = PBXFileReference; fileEncoding = 4; lastKnownFileType = sourcecode.c.h; path = "MASConstraint+Private.h"; sourceTree = "<group>"; };
		623BDAAD23764C2600FB20E4 /* MASLayoutConstraint.h */ = {isa = PBXFileReference; fileEncoding = 4; lastKnownFileType = sourcecode.c.h; path = MASLayoutConstraint.h; sourceTree = "<group>"; };
		623BDAAE23764C2600FB20E4 /* NSArray+MASShorthandAdditions.h */ = {isa = PBXFileReference; fileEncoding = 4; lastKnownFileType = sourcecode.c.h; path = "NSArray+MASShorthandAdditions.h"; sourceTree = "<group>"; };
		623BDAAF23764C2600FB20E4 /* MASConstraintMaker.h */ = {isa = PBXFileReference; fileEncoding = 4; lastKnownFileType = sourcecode.c.h; path = MASConstraintMaker.h; sourceTree = "<group>"; };
		623BDAB023764C2600FB20E4 /* View+MASAdditions.h */ = {isa = PBXFileReference; fileEncoding = 4; lastKnownFileType = sourcecode.c.h; path = "View+MASAdditions.h"; sourceTree = "<group>"; };
		623BDAB123764C2600FB20E4 /* NSArray+MASAdditions.h */ = {isa = PBXFileReference; fileEncoding = 4; lastKnownFileType = sourcecode.c.h; path = "NSArray+MASAdditions.h"; sourceTree = "<group>"; };
		623BDAB223764C2600FB20E4 /* MASUtilities.h */ = {isa = PBXFileReference; fileEncoding = 4; lastKnownFileType = sourcecode.c.h; path = MASUtilities.h; sourceTree = "<group>"; };
		623BDAB323764C2600FB20E4 /* MASViewAttribute.h */ = {isa = PBXFileReference; fileEncoding = 4; lastKnownFileType = sourcecode.c.h; path = MASViewAttribute.h; sourceTree = "<group>"; };
		623BDAB423764C2600FB20E4 /* ViewController+MASAdditions.m */ = {isa = PBXFileReference; fileEncoding = 4; lastKnownFileType = sourcecode.c.objc; path = "ViewController+MASAdditions.m"; sourceTree = "<group>"; };
		623BDAB523764C2600FB20E4 /* MASViewConstraint.h */ = {isa = PBXFileReference; fileEncoding = 4; lastKnownFileType = sourcecode.c.h; path = MASViewConstraint.h; sourceTree = "<group>"; };
		623BDAB623764C2600FB20E4 /* MASConstraint.h */ = {isa = PBXFileReference; fileEncoding = 4; lastKnownFileType = sourcecode.c.h; path = MASConstraint.h; sourceTree = "<group>"; };
		623BDAB723764C2600FB20E4 /* NSLayoutConstraint+MASDebugAdditions.h */ = {isa = PBXFileReference; fileEncoding = 4; lastKnownFileType = sourcecode.c.h; path = "NSLayoutConstraint+MASDebugAdditions.h"; sourceTree = "<group>"; };
		623BDAB823764C2600FB20E4 /* MASCompositeConstraint.m */ = {isa = PBXFileReference; fileEncoding = 4; lastKnownFileType = sourcecode.c.objc; path = MASCompositeConstraint.m; sourceTree = "<group>"; };
		623BDAB923764C2600FB20E4 /* MASConstraintMaker.m */ = {isa = PBXFileReference; fileEncoding = 4; lastKnownFileType = sourcecode.c.objc; path = MASConstraintMaker.m; sourceTree = "<group>"; };
		623BDABA23764C2600FB20E4 /* MASLayoutConstraint.m */ = {isa = PBXFileReference; fileEncoding = 4; lastKnownFileType = sourcecode.c.objc; path = MASLayoutConstraint.m; sourceTree = "<group>"; };
		623BDABB23764C2600FB20E4 /* NSArray+MASAdditions.m */ = {isa = PBXFileReference; fileEncoding = 4; lastKnownFileType = sourcecode.c.objc; path = "NSArray+MASAdditions.m"; sourceTree = "<group>"; };
		623BDABC23764C2600FB20E4 /* View+MASAdditions.m */ = {isa = PBXFileReference; fileEncoding = 4; lastKnownFileType = sourcecode.c.objc; path = "View+MASAdditions.m"; sourceTree = "<group>"; };
		623BDABD23764C2600FB20E4 /* View+MASShorthandAdditions.h */ = {isa = PBXFileReference; fileEncoding = 4; lastKnownFileType = sourcecode.c.h; path = "View+MASShorthandAdditions.h"; sourceTree = "<group>"; };
		623BDABE23764C2600FB20E4 /* Masonry.h */ = {isa = PBXFileReference; fileEncoding = 4; lastKnownFileType = sourcecode.c.h; path = Masonry.h; sourceTree = "<group>"; };
		623BDABF23764C2600FB20E4 /* MASConstraint.m */ = {isa = PBXFileReference; fileEncoding = 4; lastKnownFileType = sourcecode.c.objc; path = MASConstraint.m; sourceTree = "<group>"; };
		623BDAC023764C2600FB20E4 /* ViewController+MASAdditions.h */ = {isa = PBXFileReference; fileEncoding = 4; lastKnownFileType = sourcecode.c.h; path = "ViewController+MASAdditions.h"; sourceTree = "<group>"; };
		623BDAC123764C2600FB20E4 /* MASViewConstraint.m */ = {isa = PBXFileReference; fileEncoding = 4; lastKnownFileType = sourcecode.c.objc; path = MASViewConstraint.m; sourceTree = "<group>"; };
		623BDAC223764C2600FB20E4 /* MASViewAttribute.m */ = {isa = PBXFileReference; fileEncoding = 4; lastKnownFileType = sourcecode.c.objc; path = MASViewAttribute.m; sourceTree = "<group>"; };
		623BDACE23764C3500FB20E4 /* PlayerControlView.xib */ = {isa = PBXFileReference; fileEncoding = 4; lastKnownFileType = file.xib; path = PlayerControlView.xib; sourceTree = "<group>"; };
		623BDACF23764C3500FB20E4 /* PlayerCatalogView.xib */ = {isa = PBXFileReference; fileEncoding = 4; lastKnownFileType = file.xib; path = PlayerCatalogView.xib; sourceTree = "<group>"; };
		623BDAD023764C3500FB20E4 /* PlayerWaterMarkView.m */ = {isa = PBXFileReference; fileEncoding = 4; lastKnownFileType = sourcecode.c.objc; path = PlayerWaterMarkView.m; sourceTree = "<group>"; };
		623BDAD123764C3500FB20E4 /* PlayerSpeedControlView.m */ = {isa = PBXFileReference; fileEncoding = 4; lastKnownFileType = sourcecode.c.objc; path = PlayerSpeedControlView.m; sourceTree = "<group>"; };
		623BDAD223764C3500FB20E4 /* PlayerSpeedControlView.xib */ = {isa = PBXFileReference; fileEncoding = 4; lastKnownFileType = file.xib; path = PlayerSpeedControlView.xib; sourceTree = "<group>"; };
		623BDAD323764C3500FB20E4 /* PlayerCatalogView.m */ = {isa = PBXFileReference; fileEncoding = 4; lastKnownFileType = sourcecode.c.objc; path = PlayerCatalogView.m; sourceTree = "<group>"; };
		623BDAD423764C3500FB20E4 /* PlayerPresentView.h */ = {isa = PBXFileReference; fileEncoding = 4; lastKnownFileType = sourcecode.c.h; path = PlayerPresentView.h; sourceTree = "<group>"; };
		623BDAD523764C3500FB20E4 /* PlayerControlView.h */ = {isa = PBXFileReference; fileEncoding = 4; lastKnownFileType = sourcecode.c.h; path = PlayerControlView.h; sourceTree = "<group>"; };
		623BDAD623764C3500FB20E4 /* PlayerAsset.xcassets */ = {isa = PBXFileReference; lastKnownFileType = folder.assetcatalog; path = PlayerAsset.xcassets; sourceTree = "<group>"; };
		623BDAD723764C3500FB20E4 /* PlayerTimerController.m */ = {isa = PBXFileReference; fileEncoding = 4; lastKnownFileType = sourcecode.c.objc; path = PlayerTimerController.m; sourceTree = "<group>"; };
		623BDAD823764C3500FB20E4 /* EC_PlayerView.m */ = {isa = PBXFileReference; fileEncoding = 4; lastKnownFileType = sourcecode.c.objc; path = EC_PlayerView.m; sourceTree = "<group>"; };
		623BDAD923764C3500FB20E4 /* NSTimer+TimerControl.h */ = {isa = PBXFileReference; fileEncoding = 4; lastKnownFileType = sourcecode.c.h; path = "NSTimer+TimerControl.h"; sourceTree = "<group>"; };
		623BDADA23764C3500FB20E4 /* PlayerWaterMarkView.h */ = {isa = PBXFileReference; fileEncoding = 4; lastKnownFileType = sourcecode.c.h; path = PlayerWaterMarkView.h; sourceTree = "<group>"; };
		623BDADB23764C3500FB20E4 /* PlayerSpeedControlView.h */ = {isa = PBXFileReference; fileEncoding = 4; lastKnownFileType = sourcecode.c.h; path = PlayerSpeedControlView.h; sourceTree = "<group>"; };
		623BDADC23764C3500FB20E4 /* PlayerPresentView.m */ = {isa = PBXFileReference; fileEncoding = 4; lastKnownFileType = sourcecode.c.objc; path = PlayerPresentView.m; sourceTree = "<group>"; };
		623BDADD23764C3500FB20E4 /* PlayerCatalogView.h */ = {isa = PBXFileReference; fileEncoding = 4; lastKnownFileType = sourcecode.c.h; path = PlayerCatalogView.h; sourceTree = "<group>"; };
		623BDADE23764C3500FB20E4 /* NSTimer+TimerControl.m */ = {isa = PBXFileReference; fileEncoding = 4; lastKnownFileType = sourcecode.c.objc; path = "NSTimer+TimerControl.m"; sourceTree = "<group>"; };
		623BDADF23764C3500FB20E4 /* PlayerTimerController.h */ = {isa = PBXFileReference; fileEncoding = 4; lastKnownFileType = sourcecode.c.h; path = PlayerTimerController.h; sourceTree = "<group>"; };
		623BDAE023764C3500FB20E4 /* EC_PlayerView.h */ = {isa = PBXFileReference; fileEncoding = 4; lastKnownFileType = sourcecode.c.h; path = EC_PlayerView.h; sourceTree = "<group>"; };
		623BDAE123764C3500FB20E4 /* PlayerControlView.m */ = {isa = PBXFileReference; fileEncoding = 4; lastKnownFileType = sourcecode.c.objc; path = PlayerControlView.m; sourceTree = "<group>"; };
		62E365A6236DEF0A002D3830 /* ECAVkitDemo.app */ = {isa = PBXFileReference; explicitFileType = wrapper.application; includeInIndex = 0; path = ECAVkitDemo.app; sourceTree = BUILT_PRODUCTS_DIR; };
		62E365A9236DEF0A002D3830 /* AppDelegate.h */ = {isa = PBXFileReference; lastKnownFileType = sourcecode.c.h; path = AppDelegate.h; sourceTree = "<group>"; };
		62E365AA236DEF0A002D3830 /* AppDelegate.m */ = {isa = PBXFileReference; lastKnownFileType = sourcecode.c.objc; path = AppDelegate.m; sourceTree = "<group>"; };
		62E365AC236DEF0A002D3830 /* SceneDelegate.h */ = {isa = PBXFileReference; lastKnownFileType = sourcecode.c.h; path = SceneDelegate.h; sourceTree = "<group>"; };
		62E365AD236DEF0A002D3830 /* SceneDelegate.m */ = {isa = PBXFileReference; lastKnownFileType = sourcecode.c.objc; path = SceneDelegate.m; sourceTree = "<group>"; };
		62E365AF236DEF0A002D3830 /* ViewController.h */ = {isa = PBXFileReference; lastKnownFileType = sourcecode.c.h; path = ViewController.h; sourceTree = "<group>"; };
		62E365B0236DEF0A002D3830 /* ViewController.m */ = {isa = PBXFileReference; lastKnownFileType = sourcecode.c.objc; path = ViewController.m; sourceTree = "<group>"; };
		62E365B3236DEF0A002D3830 /* Base */ = {isa = PBXFileReference; lastKnownFileType = file.storyboard; name = Base; path = Base.lproj/Main.storyboard; sourceTree = "<group>"; };
		62E365B5236DEF0C002D3830 /* Assets.xcassets */ = {isa = PBXFileReference; lastKnownFileType = folder.assetcatalog; path = Assets.xcassets; sourceTree = "<group>"; };
		62E365B8236DEF0C002D3830 /* Base */ = {isa = PBXFileReference; lastKnownFileType = file.storyboard; name = Base; path = Base.lproj/LaunchScreen.storyboard; sourceTree = "<group>"; };
		62E365BA236DEF0C002D3830 /* Info.plist */ = {isa = PBXFileReference; lastKnownFileType = text.plist.xml; path = Info.plist; sourceTree = "<group>"; };
		62E365BB236DEF0C002D3830 /* main.m */ = {isa = PBXFileReference; lastKnownFileType = sourcecode.c.objc; path = main.m; sourceTree = "<group>"; };
		62E365C2236DEF17002D3830 /* ECAVKit */ = {isa = PBXFileReference; lastKnownFileType = folder; name = ECAVKit; path = ../../ECAVKit; sourceTree = "<group>"; };
/* End PBXFileReference section */

/* Begin PBXFrameworksBuildPhase section */
		62E365A3236DEF0A002D3830 /* Frameworks */ = {
			isa = PBXFrameworksBuildPhase;
			buildActionMask = 2147483647;
			files = (
			);
			runOnlyForDeploymentPostprocessing = 0;
		};
/* End PBXFrameworksBuildPhase section */

/* Begin PBXGroup section */
		623BDAA923764C2600FB20E4 /* Masonry */ = {
			isa = PBXGroup;
			children = (
				623BDAAA23764C2600FB20E4 /* MASCompositeConstraint.h */,
				623BDAAB23764C2600FB20E4 /* NSLayoutConstraint+MASDebugAdditions.m */,
				623BDAAC23764C2600FB20E4 /* MASConstraint+Private.h */,
				623BDAAD23764C2600FB20E4 /* MASLayoutConstraint.h */,
				623BDAAE23764C2600FB20E4 /* NSArray+MASShorthandAdditions.h */,
				623BDAAF23764C2600FB20E4 /* MASConstraintMaker.h */,
				623BDAB023764C2600FB20E4 /* View+MASAdditions.h */,
				623BDAB123764C2600FB20E4 /* NSArray+MASAdditions.h */,
				623BDAB223764C2600FB20E4 /* MASUtilities.h */,
				623BDAB323764C2600FB20E4 /* MASViewAttribute.h */,
				623BDAB423764C2600FB20E4 /* ViewController+MASAdditions.m */,
				623BDAB523764C2600FB20E4 /* MASViewConstraint.h */,
				623BDAB623764C2600FB20E4 /* MASConstraint.h */,
				623BDAB723764C2600FB20E4 /* NSLayoutConstraint+MASDebugAdditions.h */,
				623BDAB823764C2600FB20E4 /* MASCompositeConstraint.m */,
				623BDAB923764C2600FB20E4 /* MASConstraintMaker.m */,
				623BDABA23764C2600FB20E4 /* MASLayoutConstraint.m */,
				623BDABB23764C2600FB20E4 /* NSArray+MASAdditions.m */,
				623BDABC23764C2600FB20E4 /* View+MASAdditions.m */,
				623BDABD23764C2600FB20E4 /* View+MASShorthandAdditions.h */,
				623BDABE23764C2600FB20E4 /* Masonry.h */,
				623BDABF23764C2600FB20E4 /* MASConstraint.m */,
				623BDAC023764C2600FB20E4 /* ViewController+MASAdditions.h */,
				623BDAC123764C2600FB20E4 /* MASViewConstraint.m */,
				623BDAC223764C2600FB20E4 /* MASViewAttribute.m */,
			);
			path = Masonry;
			sourceTree = "<group>";
		};
		623BDACD23764C3500FB20E4 /* PlayerView */ = {
			isa = PBXGroup;
			children = (
				623BDACE23764C3500FB20E4 /* PlayerControlView.xib */,
				623BDACF23764C3500FB20E4 /* PlayerCatalogView.xib */,
				623BDAD023764C3500FB20E4 /* PlayerWaterMarkView.m */,
				623BDAD123764C3500FB20E4 /* PlayerSpeedControlView.m */,
				623BDAD223764C3500FB20E4 /* PlayerSpeedControlView.xib */,
				623BDAD323764C3500FB20E4 /* PlayerCatalogView.m */,
				623BDAD423764C3500FB20E4 /* PlayerPresentView.h */,
				623BDAD523764C3500FB20E4 /* PlayerControlView.h */,
				623BDAD623764C3500FB20E4 /* PlayerAsset.xcassets */,
				623BDAD723764C3500FB20E4 /* PlayerTimerController.m */,
				623BDAD823764C3500FB20E4 /* EC_PlayerView.m */,
				623BDAD923764C3500FB20E4 /* NSTimer+TimerControl.h */,
				623BDADA23764C3500FB20E4 /* PlayerWaterMarkView.h */,
				623BDADB23764C3500FB20E4 /* PlayerSpeedControlView.h */,
				623BDADC23764C3500FB20E4 /* PlayerPresentView.m */,
				623BDADD23764C3500FB20E4 /* PlayerCatalogView.h */,
				623BDADE23764C3500FB20E4 /* NSTimer+TimerControl.m */,
				623BDADF23764C3500FB20E4 /* PlayerTimerController.h */,
				623BDAE023764C3500FB20E4 /* EC_PlayerView.h */,
				623BDAE123764C3500FB20E4 /* PlayerControlView.m */,
			);
			path = PlayerView;
			sourceTree = "<group>";
		};
		62E3659D236DEF0A002D3830 = {
			isa = PBXGroup;
			children = (
				62E365A8236DEF0A002D3830 /* ECAVkitDemo */,
				62E365A7236DEF0A002D3830 /* Products */,
			);
			sourceTree = "<group>";
		};
		62E365A7236DEF0A002D3830 /* Products */ = {
			isa = PBXGroup;
			children = (
				62E365A6236DEF0A002D3830 /* ECAVkitDemo.app */,
			);
			name = Products;
			sourceTree = "<group>";
		};
		62E365A8236DEF0A002D3830 /* ECAVkitDemo */ = {
			isa = PBXGroup;
			children = (
				623BDACD23764C3500FB20E4 /* PlayerView */,
				623BDAA923764C2600FB20E4 /* Masonry */,
				62E365C2236DEF17002D3830 /* ECAVKit */,
				62E365A9236DEF0A002D3830 /* AppDelegate.h */,
				62E365AA236DEF0A002D3830 /* AppDelegate.m */,
				62E365AC236DEF0A002D3830 /* SceneDelegate.h */,
				62E365AD236DEF0A002D3830 /* SceneDelegate.m */,
				62E365AF236DEF0A002D3830 /* ViewController.h */,
				62E365B0236DEF0A002D3830 /* ViewController.m */,
				62E365B2236DEF0A002D3830 /* Main.storyboard */,
				62E365B5236DEF0C002D3830 /* Assets.xcassets */,
				62E365B7236DEF0C002D3830 /* LaunchScreen.storyboard */,
				62E365BA236DEF0C002D3830 /* Info.plist */,
				62E365BB236DEF0C002D3830 /* main.m */,
			);
			path = ECAVkitDemo;
			sourceTree = "<group>";
		};
/* End PBXGroup section */

/* Begin PBXNativeTarget section */
		62E365A5236DEF0A002D3830 /* ECAVkitDemo */ = {
			isa = PBXNativeTarget;
			buildConfigurationList = 62E365BF236DEF0C002D3830 /* Build configuration list for PBXNativeTarget "ECAVkitDemo" */;
			buildPhases = (
				62E365A2236DEF0A002D3830 /* Sources */,
				62E365A3236DEF0A002D3830 /* Frameworks */,
				62E365A4236DEF0A002D3830 /* Resources */,
			);
			buildRules = (
			);
			dependencies = (
			);
			name = ECAVkitDemo;
			productName = ECAVkitDemo;
			productReference = 62E365A6236DEF0A002D3830 /* ECAVkitDemo.app */;
			productType = "com.apple.product-type.application";
		};
/* End PBXNativeTarget section */

/* Begin PBXProject section */
		62E3659E236DEF0A002D3830 /* Project object */ = {
			isa = PBXProject;
			attributes = {
				LastUpgradeCheck = 1110;
				ORGANIZATIONNAME = "Chou Edward ";
				TargetAttributes = {
					62E365A5236DEF0A002D3830 = {
						CreatedOnToolsVersion = 11.1;
					};
				};
			};
			buildConfigurationList = 62E365A1236DEF0A002D3830 /* Build configuration list for PBXProject "ECAVkitDemo" */;
			compatibilityVersion = "Xcode 9.3";
			developmentRegion = en;
			hasScannedForEncodings = 0;
			knownRegions = (
				en,
				Base,
			);
			mainGroup = 62E3659D236DEF0A002D3830;
			productRefGroup = 62E365A7236DEF0A002D3830 /* Products */;
			projectDirPath = "";
			projectRoot = "";
			targets = (
				62E365A5236DEF0A002D3830 /* ECAVkitDemo */,
			);
		};
/* End PBXProject section */

/* Begin PBXResourcesBuildPhase section */
		62E365A4236DEF0A002D3830 /* Resources */ = {
			isa = PBXResourcesBuildPhase;
			buildActionMask = 2147483647;
			files = (
				623BDAE623764C3500FB20E4 /* PlayerSpeedControlView.xib in Resources */,
				62E365B9236DEF0C002D3830 /* LaunchScreen.storyboard in Resources */,
				623BDAE223764C3500FB20E4 /* PlayerControlView.xib in Resources */,
				62E365B6236DEF0C002D3830 /* Assets.xcassets in Resources */,
				62E365C3236DEF18002D3830 /* ECAVKit in Resources */,
				623BDAE823764C3500FB20E4 /* PlayerAsset.xcassets in Resources */,
				62E365B4236DEF0A002D3830 /* Main.storyboard in Resources */,
				623BDAE323764C3500FB20E4 /* PlayerCatalogView.xib in Resources */,
			);
			runOnlyForDeploymentPostprocessing = 0;
		};
/* End PBXResourcesBuildPhase section */

/* Begin PBXSourcesBuildPhase section */
		62E365A2236DEF0A002D3830 /* Sources */ = {
			isa = PBXSourcesBuildPhase;
			buildActionMask = 2147483647;
			files = (
				623BDACB23764C2600FB20E4 /* MASViewConstraint.m in Sources */,
				623BDAE423764C3500FB20E4 /* PlayerWaterMarkView.m in Sources */,
				623BDAE923764C3500FB20E4 /* PlayerTimerController.m in Sources */,
				623BDAEB23764C3500FB20E4 /* PlayerPresentView.m in Sources */,
				623BDAEA23764C3500FB20E4 /* EC_PlayerView.m in Sources */,
				623BDACC23764C2600FB20E4 /* MASViewAttribute.m in Sources */,
				623BDAEC23764C3500FB20E4 /* NSTimer+TimerControl.m in Sources */,
				62E365B1236DEF0A002D3830 /* ViewController.m in Sources */,
				62E365AB236DEF0A002D3830 /* AppDelegate.m in Sources */,
				623BDAED23764C3500FB20E4 /* PlayerControlView.m in Sources */,
				623BDAC823764C2600FB20E4 /* NSArray+MASAdditions.m in Sources */,
				623BDAC423764C2600FB20E4 /* ViewController+MASAdditions.m in Sources */,
				623BDAC523764C2600FB20E4 /* MASCompositeConstraint.m in Sources */,
				62E365BC236DEF0C002D3830 /* main.m in Sources */,
				623BDAC923764C2600FB20E4 /* View+MASAdditions.m in Sources */,
				623BDAC623764C2600FB20E4 /* MASConstraintMaker.m in Sources */,
				623BDACA23764C2600FB20E4 /* MASConstraint.m in Sources */,
				623BDAC323764C2600FB20E4 /* NSLayoutConstraint+MASDebugAdditions.m in Sources */,
				623BDAE723764C3500FB20E4 /* PlayerCatalogView.m in Sources */,
				623BDAE523764C3500FB20E4 /* PlayerSpeedControlView.m in Sources */,
				623BDAC723764C2600FB20E4 /* MASLayoutConstraint.m in Sources */,
				62E365AE236DEF0A002D3830 /* SceneDelegate.m in Sources */,
			);
			runOnlyForDeploymentPostprocessing = 0;
		};
/* End PBXSourcesBuildPhase section */

/* Begin PBXVariantGroup section */
		62E365B2236DEF0A002D3830 /* Main.storyboard */ = {
			isa = PBXVariantGroup;
			children = (
				62E365B3236DEF0A002D3830 /* Base */,
			);
			name = Main.storyboard;
			sourceTree = "<group>";
		};
		62E365B7236DEF0C002D3830 /* LaunchScreen.storyboard */ = {
			isa = PBXVariantGroup;
			children = (
				62E365B8236DEF0C002D3830 /* Base */,
			);
			name = LaunchScreen.storyboard;
			sourceTree = "<group>";
		};
/* End PBXVariantGroup section */

/* Begin XCBuildConfiguration section */
		62E365BD236DEF0C002D3830 /* Debug */ = {
			isa = XCBuildConfiguration;
			buildSettings = {
				ALWAYS_SEARCH_USER_PATHS = NO;
				CLANG_ANALYZER_NONNULL = YES;
				CLANG_ANALYZER_NUMBER_OBJECT_CONVERSION = YES_AGGRESSIVE;
				CLANG_CXX_LANGUAGE_STANDARD = "gnu++14";
				CLANG_CXX_LIBRARY = "libc++";
				CLANG_ENABLE_MODULES = YES;
				CLANG_ENABLE_OBJC_ARC = YES;
				CLANG_ENABLE_OBJC_WEAK = YES;
				CLANG_WARN_BLOCK_CAPTURE_AUTORELEASING = YES;
				CLANG_WARN_BOOL_CONVERSION = YES;
				CLANG_WARN_COMMA = YES;
				CLANG_WARN_CONSTANT_CONVERSION = YES;
				CLANG_WARN_DEPRECATED_OBJC_IMPLEMENTATIONS = YES;
				CLANG_WARN_DIRECT_OBJC_ISA_USAGE = YES_ERROR;
				CLANG_WARN_DOCUMENTATION_COMMENTS = YES;
				CLANG_WARN_EMPTY_BODY = YES;
				CLANG_WARN_ENUM_CONVERSION = YES;
				CLANG_WARN_INFINITE_RECURSION = YES;
				CLANG_WARN_INT_CONVERSION = YES;
				CLANG_WARN_NON_LITERAL_NULL_CONVERSION = YES;
				CLANG_WARN_OBJC_IMPLICIT_RETAIN_SELF = YES;
				CLANG_WARN_OBJC_LITERAL_CONVERSION = YES;
				CLANG_WARN_OBJC_ROOT_CLASS = YES_ERROR;
				CLANG_WARN_RANGE_LOOP_ANALYSIS = YES;
				CLANG_WARN_STRICT_PROTOTYPES = YES;
				CLANG_WARN_SUSPICIOUS_MOVE = YES;
				CLANG_WARN_UNGUARDED_AVAILABILITY = YES_AGGRESSIVE;
				CLANG_WARN_UNREACHABLE_CODE = YES;
				CLANG_WARN__DUPLICATE_METHOD_MATCH = YES;
				COPY_PHASE_STRIP = NO;
				DEBUG_INFORMATION_FORMAT = dwarf;
				ENABLE_STRICT_OBJC_MSGSEND = YES;
				ENABLE_TESTABILITY = YES;
				GCC_C_LANGUAGE_STANDARD = gnu11;
				GCC_DYNAMIC_NO_PIC = NO;
				GCC_NO_COMMON_BLOCKS = YES;
				GCC_OPTIMIZATION_LEVEL = 0;
				GCC_PREPROCESSOR_DEFINITIONS = (
					"DEBUG=1",
					"$(inherited)",
				);
				GCC_WARN_64_TO_32_BIT_CONVERSION = YES;
				GCC_WARN_ABOUT_RETURN_TYPE = YES_ERROR;
				GCC_WARN_UNDECLARED_SELECTOR = YES;
				GCC_WARN_UNINITIALIZED_AUTOS = YES_AGGRESSIVE;
				GCC_WARN_UNUSED_FUNCTION = YES;
				GCC_WARN_UNUSED_VARIABLE = YES;
				IPHONEOS_DEPLOYMENT_TARGET = 13.1;
				MTL_ENABLE_DEBUG_INFO = INCLUDE_SOURCE;
				MTL_FAST_MATH = YES;
				ONLY_ACTIVE_ARCH = YES;
				SDKROOT = iphoneos;
			};
			name = Debug;
		};
		62E365BE236DEF0C002D3830 /* Release */ = {
			isa = XCBuildConfiguration;
			buildSettings = {
				ALWAYS_SEARCH_USER_PATHS = NO;
				CLANG_ANALYZER_NONNULL = YES;
				CLANG_ANALYZER_NUMBER_OBJECT_CONVERSION = YES_AGGRESSIVE;
				CLANG_CXX_LANGUAGE_STANDARD = "gnu++14";
				CLANG_CXX_LIBRARY = "libc++";
				CLANG_ENABLE_MODULES = YES;
				CLANG_ENABLE_OBJC_ARC = YES;
				CLANG_ENABLE_OBJC_WEAK = YES;
				CLANG_WARN_BLOCK_CAPTURE_AUTORELEASING = YES;
				CLANG_WARN_BOOL_CONVERSION = YES;
				CLANG_WARN_COMMA = YES;
				CLANG_WARN_CONSTANT_CONVERSION = YES;
				CLANG_WARN_DEPRECATED_OBJC_IMPLEMENTATIONS = YES;
				CLANG_WARN_DIRECT_OBJC_ISA_USAGE = YES_ERROR;
				CLANG_WARN_DOCUMENTATION_COMMENTS = YES;
				CLANG_WARN_EMPTY_BODY = YES;
				CLANG_WARN_ENUM_CONVERSION = YES;
				CLANG_WARN_INFINITE_RECURSION = YES;
				CLANG_WARN_INT_CONVERSION = YES;
				CLANG_WARN_NON_LITERAL_NULL_CONVERSION = YES;
				CLANG_WARN_OBJC_IMPLICIT_RETAIN_SELF = YES;
				CLANG_WARN_OBJC_LITERAL_CONVERSION = YES;
				CLANG_WARN_OBJC_ROOT_CLASS = YES_ERROR;
				CLANG_WARN_RANGE_LOOP_ANALYSIS = YES;
				CLANG_WARN_STRICT_PROTOTYPES = YES;
				CLANG_WARN_SUSPICIOUS_MOVE = YES;
				CLANG_WARN_UNGUARDED_AVAILABILITY = YES_AGGRESSIVE;
				CLANG_WARN_UNREACHABLE_CODE = YES;
				CLANG_WARN__DUPLICATE_METHOD_MATCH = YES;
				COPY_PHASE_STRIP = NO;
				DEBUG_INFORMATION_FORMAT = "dwarf-with-dsym";
				ENABLE_NS_ASSERTIONS = NO;
				ENABLE_STRICT_OBJC_MSGSEND = YES;
				GCC_C_LANGUAGE_STANDARD = gnu11;
				GCC_NO_COMMON_BLOCKS = YES;
				GCC_WARN_64_TO_32_BIT_CONVERSION = YES;
				GCC_WARN_ABOUT_RETURN_TYPE = YES_ERROR;
				GCC_WARN_UNDECLARED_SELECTOR = YES;
				GCC_WARN_UNINITIALIZED_AUTOS = YES_AGGRESSIVE;
				GCC_WARN_UNUSED_FUNCTION = YES;
				GCC_WARN_UNUSED_VARIABLE = YES;
				IPHONEOS_DEPLOYMENT_TARGET = 13.1;
				MTL_ENABLE_DEBUG_INFO = NO;
				MTL_FAST_MATH = YES;
				SDKROOT = iphoneos;
				VALIDATE_PRODUCT = YES;
			};
			name = Release;
		};
		62E365C0236DEF0C002D3830 /* Debug */ = {
			isa = XCBuildConfiguration;
			buildSettings = {
				ASSETCATALOG_COMPILER_APPICON_NAME = AppIcon;
				CODE_SIGN_STYLE = Automatic;
				INFOPLIST_FILE = ECAVkitDemo/Info.plist;
				LD_RUNPATH_SEARCH_PATHS = (
					"$(inherited)",
					"@executable_path/Frameworks",
				);
				PRODUCT_BUNDLE_IDENTIFIER = com.ec.ECAVkitDemo;
				PRODUCT_NAME = "$(TARGET_NAME)";
				TARGETED_DEVICE_FAMILY = "1,2";
			};
			name = Debug;
		};
		62E365C1236DEF0C002D3830 /* Release */ = {
			isa = XCBuildConfiguration;
			buildSettings = {
				ASSETCATALOG_COMPILER_APPICON_NAME = AppIcon;
				CODE_SIGN_STYLE = Automatic;
				INFOPLIST_FILE = ECAVkitDemo/Info.plist;
				LD_RUNPATH_SEARCH_PATHS = (
					"$(inherited)",
					"@executable_path/Frameworks",
				);
				PRODUCT_BUNDLE_IDENTIFIER = com.ec.ECAVkitDemo;
				PRODUCT_NAME = "$(TARGET_NAME)";
				TARGETED_DEVICE_FAMILY = "1,2";
			};
			name = Release;
		};
/* End XCBuildConfiguration section */

/* Begin XCConfigurationList section */
		62E365A1236DEF0A002D3830 /* Build configuration list for PBXProject "ECAVkitDemo" */ = {
			isa = XCConfigurationList;
			buildConfigurations = (
				62E365BD236DEF0C002D3830 /* Debug */,
				62E365BE236DEF0C002D3830 /* Release */,
			);
			defaultConfigurationIsVisible = 0;
			defaultConfigurationName = Release;
		};
		62E365BF236DEF0C002D3830 /* Build configuration list for PBXNativeTarget "ECAVkitDemo" */ = {
			isa = XCConfigurationList;
			buildConfigurations = (
				62E365C0236DEF0C002D3830 /* Debug */,
				62E365C1236DEF0C002D3830 /* Release */,
			);
			defaultConfigurationIsVisible = 0;
			defaultConfigurationName = Release;
		};
/* End XCConfigurationList section */
	};
	rootObject = 62E3659E236DEF0A002D3830 /* Project object */;
}
